
Microsoft Visual Studio Solution File, Format Version 12.00
# Visual Studio 15
VisualStudioVersion = 15.0.27924.0
MinimumVisualStudioVersion = 10.0.40219.1
Project("{FAE04EC0-301F-11D3-BF4B-00C04F79EFBC}") = "Sales.Android", "Sales\Sales.Android\Sales.Android.csproj", "{ACC1E0EF-B459-4159-80E7-EA83C12C13BD}"
EndProject
Project("{FAE04EC0-301F-11D3-BF4B-00C04F79EFBC}") = "Sales.iOS", "Sales\Sales.iOS\Sales.iOS.csproj", "{191E8F74-A779-49A7-B252-45F940ABE2C1}"
EndProject
Project("{9A19103F-16F7-4668-BE54-9A1E7A4F7556}") = "Sales", "Sales\Sales\Sales.csproj", "{7DFC75FF-6B97-434C-B016-2BE80DD9214E}"
EndProject
Project("{FAE04EC0-301F-11D3-BF4B-00C04F79EFBC}") = "Sales.Backend", "Sales.Backend\Sales.Backend.csproj", "{BAD18A6A-B114-4794-86BD-9D7B8A06464B}"
EndProject
Project("{FAE04EC0-301F-11D3-BF4B-00C04F79EFBC}") = "Sales.API", "Sales.API\Sales.API.csproj", "{B7ADBEB4-B909-4085-A0ED-F5C47D703A79}"
EndProject
Project("{FAE04EC0-301F-11D3-BF4B-00C04F79EFBC}") = "Sales.Domain", "Sales.Domain\Sales.Domain.csproj", "{99C82E69-FD8D-4172-8E90-0E0F3021FCB4}"
EndProject
Project("{FAE04EC0-301F-11D3-BF4B-00C04F79EFBC}") = "Sales.Common", "Sales.Common\Sales.Common.csproj", "{0BBF6D2C-546E-49AA-8D7D-B6A7C1DE2EE9}"
EndProject
Global
	GlobalSection(SolutionConfigurationPlatforms) = preSolution
		Ad-Hoc|Any CPU = Ad-Hoc|Any CPU
		Ad-Hoc|ARM = Ad-Hoc|ARM
		Ad-Hoc|iPhone = Ad-Hoc|iPhone
		Ad-Hoc|iPhoneSimulator = Ad-Hoc|iPhoneSimulator
		Ad-Hoc|x64 = Ad-Hoc|x64
		Ad-Hoc|x86 = Ad-Hoc|x86
		AppStore|Any CPU = AppStore|Any CPU
		AppStore|ARM = AppStore|ARM
		AppStore|iPhone = AppStore|iPhone
		AppStore|iPhoneSimulator = AppStore|iPhoneSimulator
		AppStore|x64 = AppStore|x64
		AppStore|x86 = AppStore|x86
		Debug|Any CPU = Debug|Any CPU
		Debug|ARM = Debug|ARM
		Debug|iPhone = Debug|iPhone
		Debug|iPhoneSimulator = Debug|iPhoneSimulator
		Debug|x64 = Debug|x64
		Debug|x86 = Debug|x86
		Release|Any CPU = Release|Any CPU
		Release|ARM = Release|ARM
		Release|iPhone = Release|iPhone
		Release|iPhoneSimulator = Release|iPhoneSimulator
		Release|x64 = Release|x64
		Release|x86 = Release|x86
	EndGlobalSection
	GlobalSection(ProjectConfigurationPlatforms) = postSolution
		{ACC1E0EF-B459-4159-80E7-EA83C12C13BD}.Ad-Hoc|Any CPU.ActiveCfg = Release|Any CPU
		{ACC1E0EF-B459-4159-80E7-EA83C12C13BD}.Ad-Hoc|Any CPU.Build.0 = Release|Any CPU
		{ACC1E0EF-B459-4159-80E7-EA83C12C13BD}.Ad-Hoc|Any CPU.Deploy.0 = Release|Any CPU
		{ACC1E0EF-B459-4159-80E7-EA83C12C13BD}.Ad-Hoc|ARM.ActiveCfg = Release|Any CPU
		{ACC1E0EF-B459-4159-80E7-EA83C12C13BD}.Ad-Hoc|ARM.Build.0 = Release|Any CPU
		{ACC1E0EF-B459-4159-80E7-EA83C12C13BD}.Ad-Hoc|ARM.Deploy.0 = Release|Any CPU
		{ACC1E0EF-B459-4159-80E7-EA83C12C13BD}.Ad-Hoc|iPhone.ActiveCfg = Release|Any CPU
		{ACC1E0EF-B459-4159-80E7-EA83C12C13BD}.Ad-Hoc|iPhone.Build.0 = Release|Any CPU
		{ACC1E0EF-B459-4159-80E7-EA83C12C13BD}.Ad-Hoc|iPhone.Deploy.0 = Release|Any CPU
		{ACC1E0EF-B459-4159-80E7-EA83C12C13BD}.Ad-Hoc|iPhoneSimulator.ActiveCfg = Release|Any CPU
		{ACC1E0EF-B459-4159-80E7-EA83C12C13BD}.Ad-Hoc|iPhoneSimulator.Build.0 = Release|Any CPU
		{ACC1E0EF-B459-4159-80E7-EA83C12C13BD}.Ad-Hoc|iPhoneSimulator.Deploy.0 = Release|Any CPU
		{ACC1E0EF-B459-4159-80E7-EA83C12C13BD}.Ad-Hoc|x64.ActiveCfg = Release|Any CPU
		{ACC1E0EF-B459-4159-80E7-EA83C12C13BD}.Ad-Hoc|x64.Build.0 = Release|Any CPU
		{ACC1E0EF-B459-4159-80E7-EA83C12C13BD}.Ad-Hoc|x64.Deploy.0 = Release|Any CPU
		{ACC1E0EF-B459-4159-80E7-EA83C12C13BD}.Ad-Hoc|x86.ActiveCfg = Release|Any CPU
		{ACC1E0EF-B459-4159-80E7-EA83C12C13BD}.Ad-Hoc|x86.Build.0 = Release|Any CPU
		{ACC1E0EF-B459-4159-80E7-EA83C12C13BD}.Ad-Hoc|x86.Deploy.0 = Release|Any CPU
		{ACC1E0EF-B459-4159-80E7-EA83C12C13BD}.AppStore|Any CPU.ActiveCfg = Release|Any CPU
		{ACC1E0EF-B459-4159-80E7-EA83C12C13BD}.AppStore|Any CPU.Build.0 = Release|Any CPU
		{ACC1E0EF-B459-4159-80E7-EA83C12C13BD}.AppStore|Any CPU.Deploy.0 = Release|Any CPU
		{ACC1E0EF-B459-4159-80E7-EA83C12C13BD}.AppStore|ARM.ActiveCfg = Release|Any CPU
		{ACC1E0EF-B459-4159-80E7-EA83C12C13BD}.AppStore|ARM.Build.0 = Release|Any CPU
		{ACC1E0EF-B459-4159-80E7-EA83C12C13BD}.AppStore|ARM.Deploy.0 = Release|Any CPU
		{ACC1E0EF-B459-4159-80E7-EA83C12C13BD}.AppStore|iPhone.ActiveCfg = Release|Any CPU
		{ACC1E0EF-B459-4159-80E7-EA83C12C13BD}.AppStore|iPhone.Build.0 = Release|Any CPU
		{ACC1E0EF-B459-4159-80E7-EA83C12C13BD}.AppStore|iPhone.Deploy.0 = Release|Any CPU
		{ACC1E0EF-B459-4159-80E7-EA83C12C13BD}.AppStore|iPhoneSimulator.ActiveCfg = Release|Any CPU
		{ACC1E0EF-B459-4159-80E7-EA83C12C13BD}.AppStore|iPhoneSimulator.Build.0 = Release|Any CPU
		{ACC1E0EF-B459-4159-80E7-EA83C12C13BD}.AppStore|iPhoneSimulator.Deploy.0 = Release|Any CPU
		{ACC1E0EF-B459-4159-80E7-EA83C12C13BD}.AppStore|x64.ActiveCfg = Release|Any CPU
		{ACC1E0EF-B459-4159-80E7-EA83C12C13BD}.AppStore|x64.Build.0 = Release|Any CPU
		{ACC1E0EF-B459-4159-80E7-EA83C12C13BD}.AppStore|x64.Deploy.0 = Release|Any CPU
		{ACC1E0EF-B459-4159-80E7-EA83C12C13BD}.AppStore|x86.ActiveCfg = Release|Any CPU
		{ACC1E0EF-B459-4159-80E7-EA83C12C13BD}.AppStore|x86.Build.0 = Release|Any CPU
		{ACC1E0EF-B459-4159-80E7-EA83C12C13BD}.AppStore|x86.Deploy.0 = Release|Any CPU
		{ACC1E0EF-B459-4159-80E7-EA83C12C13BD}.Debug|Any CPU.ActiveCfg = Debug|Any CPU
		{ACC1E0EF-B459-4159-80E7-EA83C12C13BD}.Debug|Any CPU.Build.0 = Debug|Any CPU
		{ACC1E0EF-B459-4159-80E7-EA83C12C13BD}.Debug|Any CPU.Deploy.0 = Debug|Any CPU
		{ACC1E0EF-B459-4159-80E7-EA83C12C13BD}.Debug|ARM.ActiveCfg = Debug|Any CPU
		{ACC1E0EF-B459-4159-80E7-EA83C12C13BD}.Debug|ARM.Build.0 = Debug|Any CPU
		{ACC1E0EF-B459-4159-80E7-EA83C12C13BD}.Debug|ARM.Deploy.0 = Debug|Any CPU
		{ACC1E0EF-B459-4159-80E7-EA83C12C13BD}.Debug|iPhone.ActiveCfg = Debug|Any CPU
		{ACC1E0EF-B459-4159-80E7-EA83C12C13BD}.Debug|iPhone.Build.0 = Debug|Any CPU
		{ACC1E0EF-B459-4159-80E7-EA83C12C13BD}.Debug|iPhone.Deploy.0 = Debug|Any CPU
		{ACC1E0EF-B459-4159-80E7-EA83C12C13BD}.Debug|iPhoneSimulator.ActiveCfg = Debug|Any CPU
		{ACC1E0EF-B459-4159-80E7-EA83C12C13BD}.Debug|iPhoneSimulator.Build.0 = Debug|Any CPU
		{ACC1E0EF-B459-4159-80E7-EA83C12C13BD}.Debug|iPhoneSimulator.Deploy.0 = Debug|Any CPU
		{ACC1E0EF-B459-4159-80E7-EA83C12C13BD}.Debug|x64.ActiveCfg = Debug|Any CPU
		{ACC1E0EF-B459-4159-80E7-EA83C12C13BD}.Debug|x64.Build.0 = Debug|Any CPU
		{ACC1E0EF-B459-4159-80E7-EA83C12C13BD}.Debug|x64.Deploy.0 = Debug|Any CPU
		{ACC1E0EF-B459-4159-80E7-EA83C12C13BD}.Debug|x86.ActiveCfg = Debug|Any CPU
		{ACC1E0EF-B459-4159-80E7-EA83C12C13BD}.Debug|x86.Build.0 = Debug|Any CPU
		{ACC1E0EF-B459-4159-80E7-EA83C12C13BD}.Debug|x86.Deploy.0 = Debug|Any CPU
		{ACC1E0EF-B459-4159-80E7-EA83C12C13BD}.Release|Any CPU.ActiveCfg = Release|Any CPU
		{ACC1E0EF-B459-4159-80E7-EA83C12C13BD}.Release|Any CPU.Build.0 = Release|Any CPU
		{ACC1E0EF-B459-4159-80E7-EA83C12C13BD}.Release|Any CPU.Deploy.0 = Release|Any CPU
		{ACC1E0EF-B459-4159-80E7-EA83C12C13BD}.Release|ARM.ActiveCfg = Release|Any CPU
		{ACC1E0EF-B459-4159-80E7-EA83C12C13BD}.Release|ARM.Build.0 = Release|Any CPU
		{ACC1E0EF-B459-4159-80E7-EA83C12C13BD}.Release|ARM.Deploy.0 = Release|Any CPU
		{ACC1E0EF-B459-4159-80E7-EA83C12C13BD}.Release|iPhone.ActiveCfg = Release|Any CPU
		{ACC1E0EF-B459-4159-80E7-EA83C12C13BD}.Release|iPhone.Build.0 = Release|Any CPU
		{ACC1E0EF-B459-4159-80E7-EA83C12C13BD}.Release|iPhone.Deploy.0 = Release|Any CPU
		{ACC1E0EF-B459-4159-80E7-EA83C12C13BD}.Release|iPhoneSimulator.ActiveCfg = Release|Any CPU
		{ACC1E0EF-B459-4159-80E7-EA83C12C13BD}.Release|iPhoneSimulator.Build.0 = Release|Any CPU
		{ACC1E0EF-B459-4159-80E7-EA83C12C13BD}.Release|iPhoneSimulator.Deploy.0 = Release|Any CPU
		{ACC1E0EF-B459-4159-80E7-EA83C12C13BD}.Release|x64.ActiveCfg = Release|Any CPU
		{ACC1E0EF-B459-4159-80E7-EA83C12C13BD}.Release|x64.Build.0 = Release|Any CPU
		{ACC1E0EF-B459-4159-80E7-EA83C12C13BD}.Release|x64.Deploy.0 = Release|Any CPU
		{ACC1E0EF-B459-4159-80E7-EA83C12C13BD}.Release|x86.ActiveCfg = Release|Any CPU
		{ACC1E0EF-B459-4159-80E7-EA83C12C13BD}.Release|x86.Build.0 = Release|Any CPU
		{ACC1E0EF-B459-4159-80E7-EA83C12C13BD}.Release|x86.Deploy.0 = Release|Any CPU
		{191E8F74-A779-49A7-B252-45F940ABE2C1}.Ad-Hoc|Any CPU.ActiveCfg = Ad-Hoc|iPhone
		{191E8F74-A779-49A7-B252-45F940ABE2C1}.Ad-Hoc|Any CPU.Build.0 = Ad-Hoc|iPhone
		{191E8F74-A779-49A7-B252-45F940ABE2C1}.Ad-Hoc|Any CPU.Deploy.0 = Ad-Hoc|iPhone
		{191E8F74-A779-49A7-B252-45F940ABE2C1}.Ad-Hoc|ARM.ActiveCfg = Ad-Hoc|iPhone
		{191E8F74-A779-49A7-B252-45F940ABE2C1}.Ad-Hoc|ARM.Build.0 = Ad-Hoc|iPhone
		{191E8F74-A779-49A7-B252-45F940ABE2C1}.Ad-Hoc|ARM.Deploy.0 = Ad-Hoc|iPhone
		{191E8F74-A779-49A7-B252-45F940ABE2C1}.Ad-Hoc|iPhone.ActiveCfg = Ad-Hoc|iPhone
		{191E8F74-A779-49A7-B252-45F940ABE2C1}.Ad-Hoc|iPhone.Build.0 = Ad-Hoc|iPhone
		{191E8F74-A779-49A7-B252-45F940ABE2C1}.Ad-Hoc|iPhone.Deploy.0 = Ad-Hoc|iPhone
		{191E8F74-A779-49A7-B252-45F940ABE2C1}.Ad-Hoc|iPhoneSimulator.ActiveCfg = Ad-Hoc|iPhoneSimulator
		{191E8F74-A779-49A7-B252-45F940ABE2C1}.Ad-Hoc|iPhoneSimulator.Build.0 = Ad-Hoc|iPhoneSimulator
		{191E8F74-A779-49A7-B252-45F940ABE2C1}.Ad-Hoc|iPhoneSimulator.Deploy.0 = Ad-Hoc|iPhoneSimulator
		{191E8F74-A779-49A7-B252-45F940ABE2C1}.Ad-Hoc|x64.ActiveCfg = Ad-Hoc|iPhone
		{191E8F74-A779-49A7-B252-45F940ABE2C1}.Ad-Hoc|x64.Build.0 = Ad-Hoc|iPhone
		{191E8F74-A779-49A7-B252-45F940ABE2C1}.Ad-Hoc|x64.Deploy.0 = Ad-Hoc|iPhone
		{191E8F74-A779-49A7-B252-45F940ABE2C1}.Ad-Hoc|x86.ActiveCfg = Ad-Hoc|iPhone
		{191E8F74-A779-49A7-B252-45F940ABE2C1}.Ad-Hoc|x86.Build.0 = Ad-Hoc|iPhone
		{191E8F74-A779-49A7-B252-45F940ABE2C1}.Ad-Hoc|x86.Deploy.0 = Ad-Hoc|iPhone
		{191E8F74-A779-49A7-B252-45F940ABE2C1}.AppStore|Any CPU.ActiveCfg = AppStore|iPhone
		{191E8F74-A779-49A7-B252-45F940ABE2C1}.AppStore|Any CPU.Build.0 = AppStore|iPhone
		{191E8F74-A779-49A7-B252-45F940ABE2C1}.AppStore|Any CPU.Deploy.0 = AppStore|iPhone
		{191E8F74-A779-49A7-B252-45F940ABE2C1}.AppStore|ARM.ActiveCfg = AppStore|iPhone
		{191E8F74-A779-49A7-B252-45F940ABE2C1}.AppStore|ARM.Build.0 = AppStore|iPhone
		{191E8F74-A779-49A7-B252-45F940ABE2C1}.AppStore|ARM.Deploy.0 = AppStore|iPhone
		{191E8F74-A779-49A7-B252-45F940ABE2C1}.AppStore|iPhone.ActiveCfg = AppStore|iPhone
		{191E8F74-A779-49A7-B252-45F940ABE2C1}.AppStore|iPhone.Build.0 = AppStore|iPhone
		{191E8F74-A779-49A7-B252-45F940ABE2C1}.AppStore|iPhone.Deploy.0 = AppStore|iPhone
		{191E8F74-A779-49A7-B252-45F940ABE2C1}.AppStore|iPhoneSimulator.ActiveCfg = AppStore|iPhoneSimulator
		{191E8F74-A779-49A7-B252-45F940ABE2C1}.AppStore|iPhoneSimulator.Build.0 = AppStore|iPhoneSimulator
		{191E8F74-A779-49A7-B252-45F940ABE2C1}.AppStore|iPhoneSimulator.Deploy.0 = AppStore|iPhoneSimulator
		{191E8F74-A779-49A7-B252-45F940ABE2C1}.AppStore|x64.ActiveCfg = AppStore|iPhone
		{191E8F74-A779-49A7-B252-45F940ABE2C1}.AppStore|x64.Build.0 = AppStore|iPhone
		{191E8F74-A779-49A7-B252-45F940ABE2C1}.AppStore|x64.Deploy.0 = AppStore|iPhone
		{191E8F74-A779-49A7-B252-45F940ABE2C1}.AppStore|x86.ActiveCfg = AppStore|iPhone
		{191E8F74-A779-49A7-B252-45F940ABE2C1}.AppStore|x86.Build.0 = AppStore|iPhone
		{191E8F74-A779-49A7-B252-45F940ABE2C1}.AppStore|x86.Deploy.0 = AppStore|iPhone
		{191E8F74-A779-49A7-B252-45F940ABE2C1}.Debug|Any CPU.ActiveCfg = Debug|iPhoneSimulator
		{191E8F74-A779-49A7-B252-45F940ABE2C1}.Debug|Any CPU.Build.0 = Debug|iPhoneSimulator
		{191E8F74-A779-49A7-B252-45F940ABE2C1}.Debug|Any CPU.Deploy.0 = Debug|iPhoneSimulator
		{191E8F74-A779-49A7-B252-45F940ABE2C1}.Debug|ARM.ActiveCfg = Debug|iPhone
		{191E8F74-A779-49A7-B252-45F940ABE2C1}.Debug|ARM.Build.0 = Debug|iPhone
		{191E8F74-A779-49A7-B252-45F940ABE2C1}.Debug|ARM.Deploy.0 = Debug|iPhone
		{191E8F74-A779-49A7-B252-45F940ABE2C1}.Debug|iPhone.ActiveCfg = Debug|iPhone
		{191E8F74-A779-49A7-B252-45F940ABE2C1}.Debug|iPhone.Build.0 = Debug|iPhone
		{191E8F74-A779-49A7-B252-45F940ABE2C1}.Debug|iPhone.Deploy.0 = Debug|iPhone
		{191E8F74-A779-49A7-B252-45F940ABE2C1}.Debug|iPhoneSimulator.ActiveCfg = Debug|iPhoneSimulator
		{191E8F74-A779-49A7-B252-45F940ABE2C1}.Debug|iPhoneSimulator.Build.0 = Debug|iPhoneSimulator
		{191E8F74-A779-49A7-B252-45F940ABE2C1}.Debug|iPhoneSimulator.Deploy.0 = Debug|iPhoneSimulator
		{191E8F74-A779-49A7-B252-45F940ABE2C1}.Debug|x64.ActiveCfg = Debug|iPhone
		{191E8F74-A779-49A7-B252-45F940ABE2C1}.Debug|x64.Build.0 = Debug|iPhone
		{191E8F74-A779-49A7-B252-45F940ABE2C1}.Debug|x64.Deploy.0 = Debug|iPhone
		{191E8F74-A779-49A7-B252-45F940ABE2C1}.Debug|x86.ActiveCfg = Debug|iPhone
		{191E8F74-A779-49A7-B252-45F940ABE2C1}.Debug|x86.Build.0 = Debug|iPhone
		{191E8F74-A779-49A7-B252-45F940ABE2C1}.Debug|x86.Deploy.0 = Debug|iPhone
		{191E8F74-A779-49A7-B252-45F940ABE2C1}.Release|Any CPU.ActiveCfg = Release|iPhone
		{191E8F74-A779-49A7-B252-45F940ABE2C1}.Release|Any CPU.Build.0 = Release|iPhone
		{191E8F74-A779-49A7-B252-45F940ABE2C1}.Release|Any CPU.Deploy.0 = Release|iPhone
		{191E8F74-A779-49A7-B252-45F940ABE2C1}.Release|ARM.ActiveCfg = Release|iPhone
		{191E8F74-A779-49A7-B252-45F940ABE2C1}.Release|ARM.Build.0 = Release|iPhone
		{191E8F74-A779-49A7-B252-45F940ABE2C1}.Release|ARM.Deploy.0 = Release|iPhone
		{191E8F74-A779-49A7-B252-45F940ABE2C1}.Release|iPhone.ActiveCfg = Release|iPhone
		{191E8F74-A779-49A7-B252-45F940ABE2C1}.Release|iPhone.Build.0 = Release|iPhone
		{191E8F74-A779-49A7-B252-45F940ABE2C1}.Release|iPhone.Deploy.0 = Release|iPhone
		{191E8F74-A779-49A7-B252-45F940ABE2C1}.Release|iPhoneSimulator.ActiveCfg = Release|iPhoneSimulator
		{191E8F74-A779-49A7-B252-45F940ABE2C1}.Release|iPhoneSimulator.Build.0 = Release|iPhoneSimulator
		{191E8F74-A779-49A7-B252-45F940ABE2C1}.Release|iPhoneSimulator.Deploy.0 = Release|iPhoneSimulator
		{191E8F74-A779-49A7-B252-45F940ABE2C1}.Release|x64.ActiveCfg = Release|iPhone
		{191E8F74-A779-49A7-B252-45F940ABE2C1}.Release|x64.Build.0 = Release|iPhone
		{191E8F74-A779-49A7-B252-45F940ABE2C1}.Release|x64.Deploy.0 = Release|iPhone
		{191E8F74-A779-49A7-B252-45F940ABE2C1}.Release|x86.ActiveCfg = Release|iPhone
		{191E8F74-A779-49A7-B252-45F940ABE2C1}.Release|x86.Build.0 = Release|iPhone
		{191E8F74-A779-49A7-B252-45F940ABE2C1}.Release|x86.Deploy.0 = Release|iPhone
		{7DFC75FF-6B97-434C-B016-2BE80DD9214E}.Ad-Hoc|Any CPU.ActiveCfg = Debug|Any CPU
		{7DFC75FF-6B97-434C-B016-2BE80DD9214E}.Ad-Hoc|Any CPU.Build.0 = Debug|Any CPU
		{7DFC75FF-6B97-434C-B016-2BE80DD9214E}.Ad-Hoc|Any CPU.Deploy.0 = Debug|Any CPU
		{7DFC75FF-6B97-434C-B016-2BE80DD9214E}.Ad-Hoc|ARM.ActiveCfg = Debug|Any CPU
		{7DFC75FF-6B97-434C-B016-2BE80DD9214E}.Ad-Hoc|ARM.Build.0 = Debug|Any CPU
		{7DFC75FF-6B97-434C-B016-2BE80DD9214E}.Ad-Hoc|ARM.Deploy.0 = Debug|Any CPU
		{7DFC75FF-6B97-434C-B016-2BE80DD9214E}.Ad-Hoc|iPhone.ActiveCfg = Debug|Any CPU
		{7DFC75FF-6B97-434C-B016-2BE80DD9214E}.Ad-Hoc|iPhone.Build.0 = Debug|Any CPU
		{7DFC75FF-6B97-434C-B016-2BE80DD9214E}.Ad-Hoc|iPhone.Deploy.0 = Debug|Any CPU
		{7DFC75FF-6B97-434C-B016-2BE80DD9214E}.Ad-Hoc|iPhoneSimulator.ActiveCfg = Debug|Any CPU
		{7DFC75FF-6B97-434C-B016-2BE80DD9214E}.Ad-Hoc|iPhoneSimulator.Build.0 = Debug|Any CPU
		{7DFC75FF-6B97-434C-B016-2BE80DD9214E}.Ad-Hoc|iPhoneSimulator.Deploy.0 = Debug|Any CPU
		{7DFC75FF-6B97-434C-B016-2BE80DD9214E}.Ad-Hoc|x64.ActiveCfg = Debug|Any CPU
		{7DFC75FF-6B97-434C-B016-2BE80DD9214E}.Ad-Hoc|x64.Build.0 = Debug|Any CPU
		{7DFC75FF-6B97-434C-B016-2BE80DD9214E}.Ad-Hoc|x64.Deploy.0 = Debug|Any CPU
		{7DFC75FF-6B97-434C-B016-2BE80DD9214E}.Ad-Hoc|x86.ActiveCfg = Debug|Any CPU
		{7DFC75FF-6B97-434C-B016-2BE80DD9214E}.Ad-Hoc|x86.Build.0 = Debug|Any CPU
		{7DFC75FF-6B97-434C-B016-2BE80DD9214E}.Ad-Hoc|x86.Deploy.0 = Debug|Any CPU
		{7DFC75FF-6B97-434C-B016-2BE80DD9214E}.AppStore|Any CPU.ActiveCfg = Debug|Any CPU
		{7DFC75FF-6B97-434C-B016-2BE80DD9214E}.AppStore|Any CPU.Build.0 = Debug|Any CPU
		{7DFC75FF-6B97-434C-B016-2BE80DD9214E}.AppStore|Any CPU.Deploy.0 = Debug|Any CPU
		{7DFC75FF-6B97-434C-B016-2BE80DD9214E}.AppStore|ARM.ActiveCfg = Debug|Any CPU
		{7DFC75FF-6B97-434C-B016-2BE80DD9214E}.AppStore|ARM.Build.0 = Debug|Any CPU
		{7DFC75FF-6B97-434C-B016-2BE80DD9214E}.AppStore|ARM.Deploy.0 = Debug|Any CPU
		{7DFC75FF-6B97-434C-B016-2BE80DD9214E}.AppStore|iPhone.ActiveCfg = Debug|Any CPU
		{7DFC75FF-6B97-434C-B016-2BE80DD9214E}.AppStore|iPhone.Build.0 = Debug|Any CPU
		{7DFC75FF-6B97-434C-B016-2BE80DD9214E}.AppStore|iPhone.Deploy.0 = Debug|Any CPU
		{7DFC75FF-6B97-434C-B016-2BE80DD9214E}.AppStore|iPhoneSimulator.ActiveCfg = Debug|Any CPU
		{7DFC75FF-6B97-434C-B016-2BE80DD9214E}.AppStore|iPhoneSimulator.Build.0 = Debug|Any CPU
		{7DFC75FF-6B97-434C-B016-2BE80DD9214E}.AppStore|iPhoneSimulator.Deploy.0 = Debug|Any CPU
		{7DFC75FF-6B97-434C-B016-2BE80DD9214E}.AppStore|x64.ActiveCfg = Debug|Any CPU
		{7DFC75FF-6B97-434C-B016-2BE80DD9214E}.AppStore|x64.Build.0 = Debug|Any CPU
		{7DFC75FF-6B97-434C-B016-2BE80DD9214E}.AppStore|x64.Deploy.0 = Debug|Any CPU
		{7DFC75FF-6B97-434C-B016-2BE80DD9214E}.AppStore|x86.ActiveCfg = Debug|Any CPU
		{7DFC75FF-6B97-434C-B016-2BE80DD9214E}.AppStore|x86.Build.0 = Debug|Any CPU
		{7DFC75FF-6B97-434C-B016-2BE80DD9214E}.AppStore|x86.Deploy.0 = Debug|Any CPU
		{7DFC75FF-6B97-434C-B016-2BE80DD9214E}.Debug|Any CPU.ActiveCfg = Debug|Any CPU
		{7DFC75FF-6B97-434C-B016-2BE80DD9214E}.Debug|Any CPU.Build.0 = Debug|Any CPU
		{7DFC75FF-6B97-434C-B016-2BE80DD9214E}.Debug|Any CPU.Deploy.0 = Debug|Any CPU
		{7DFC75FF-6B97-434C-B016-2BE80DD9214E}.Debug|ARM.ActiveCfg = Debug|Any CPU
		{7DFC75FF-6B97-434C-B016-2BE80DD9214E}.Debug|ARM.Build.0 = Debug|Any CPU
		{7DFC75FF-6B97-434C-B016-2BE80DD9214E}.Debug|ARM.Deploy.0 = Debug|Any CPU
		{7DFC75FF-6B97-434C-B016-2BE80DD9214E}.Debug|iPhone.ActiveCfg = Debug|Any CPU
		{7DFC75FF-6B97-434C-B016-2BE80DD9214E}.Debug|iPhone.Build.0 = Debug|Any CPU
		{7DFC75FF-6B97-434C-B016-2BE80DD9214E}.Debug|iPhone.Deploy.0 = Debug|Any CPU
		{7DFC75FF-6B97-434C-B016-2BE80DD9214E}.Debug|iPhoneSimulator.ActiveCfg = Debug|Any CPU
		{7DFC75FF-6B97-434C-B016-2BE80DD9214E}.Debug|iPhoneSimulator.Build.0 = Debug|Any CPU
		{7DFC75FF-6B97-434C-B016-2BE80DD9214E}.Debug|iPhoneSimulator.Deploy.0 = Debug|Any CPU
		{7DFC75FF-6B97-434C-B016-2BE80DD9214E}.Debug|x64.ActiveCfg = Debug|Any CPU
		{7DFC75FF-6B97-434C-B016-2BE80DD9214E}.Debug|x64.Build.0 = Debug|Any CPU
		{7DFC75FF-6B97-434C-B016-2BE80DD9214E}.Debug|x64.Deploy.0 = Debug|Any CPU
		{7DFC75FF-6B97-434C-B016-2BE80DD9214E}.Debug|x86.ActiveCfg = Debug|Any CPU
		{7DFC75FF-6B97-434C-B016-2BE80DD9214E}.Debug|x86.Build.0 = Debug|Any CPU
		{7DFC75FF-6B97-434C-B016-2BE80DD9214E}.Debug|x86.Deploy.0 = Debug|Any CPU
		{7DFC75FF-6B97-434C-B016-2BE80DD9214E}.Release|Any CPU.ActiveCfg = Release|Any CPU
		{7DFC75FF-6B97-434C-B016-2BE80DD9214E}.Release|Any CPU.Build.0 = Release|Any CPU
		{7DFC75FF-6B97-434C-B016-2BE80DD9214E}.Release|Any CPU.Deploy.0 = Release|Any CPU
		{7DFC75FF-6B97-434C-B016-2BE80DD9214E}.Release|ARM.ActiveCfg = Release|Any CPU
		{7DFC75FF-6B97-434C-B016-2BE80DD9214E}.Release|ARM.Build.0 = Release|Any CPU
		{7DFC75FF-6B97-434C-B016-2BE80DD9214E}.Release|ARM.Deploy.0 = Release|Any CPU
		{7DFC75FF-6B97-434C-B016-2BE80DD9214E}.Release|iPhone.ActiveCfg = Release|Any CPU
		{7DFC75FF-6B97-434C-B016-2BE80DD9214E}.Release|iPhone.Build.0 = Release|Any CPU
		{7DFC75FF-6B97-434C-B016-2BE80DD9214E}.Release|iPhone.Deploy.0 = Release|Any CPU
		{7DFC75FF-6B97-434C-B016-2BE80DD9214E}.Release|iPhoneSimulator.ActiveCfg = Release|Any CPU
		{7DFC75FF-6B97-434C-B016-2BE80DD9214E}.Release|iPhoneSimulator.Build.0 = Release|Any CPU
		{7DFC75FF-6B97-434C-B016-2BE80DD9214E}.Release|iPhoneSimulator.Deploy.0 = Release|Any CPU
		{7DFC75FF-6B97-434C-B016-2BE80DD9214E}.Release|x64.ActiveCfg = Release|Any CPU
		{7DFC75FF-6B97-434C-B016-2BE80DD9214E}.Release|x64.Build.0 = Release|Any CPU
		{7DFC75FF-6B97-434C-B016-2BE80DD9214E}.Release|x64.Deploy.0 = Release|Any CPU
		{7DFC75FF-6B97-434C-B016-2BE80DD9214E}.Release|x86.ActiveCfg = Release|Any CPU
		{7DFC75FF-6B97-434C-B016-2BE80DD9214E}.Release|x86.Build.0 = Release|Any CPU
		{7DFC75FF-6B97-434C-B016-2BE80DD9214E}.Release|x86.Deploy.0 = Release|Any CPU
		{BAD18A6A-B114-4794-86BD-9D7B8A06464B}.Ad-Hoc|Any CPU.ActiveCfg = Release|Any CPU
		{BAD18A6A-B114-4794-86BD-9D7B8A06464B}.Ad-Hoc|Any CPU.Build.0 = Release|Any CPU
		{BAD18A6A-B114-4794-86BD-9D7B8A06464B}.Ad-Hoc|ARM.ActiveCfg = Release|Any CPU
		{BAD18A6A-B114-4794-86BD-9D7B8A06464B}.Ad-Hoc|ARM.Build.0 = Release|Any CPU
		{BAD18A6A-B114-4794-86BD-9D7B8A06464B}.Ad-Hoc|iPhone.ActiveCfg = Release|Any CPU
		{BAD18A6A-B114-4794-86BD-9D7B8A06464B}.Ad-Hoc|iPhone.Build.0 = Release|Any CPU
		{BAD18A6A-B114-4794-86BD-9D7B8A06464B}.Ad-Hoc|iPhoneSimulator.ActiveCfg = Release|Any CPU
		{BAD18A6A-B114-4794-86BD-9D7B8A06464B}.Ad-Hoc|iPhoneSimulator.Build.0 = Release|Any CPU
		{BAD18A6A-B114-4794-86BD-9D7B8A06464B}.Ad-Hoc|x64.ActiveCfg = Release|Any CPU
		{BAD18A6A-B114-4794-86BD-9D7B8A06464B}.Ad-Hoc|x64.Build.0 = Release|Any CPU
		{BAD18A6A-B114-4794-86BD-9D7B8A06464B}.Ad-Hoc|x86.ActiveCfg = Release|Any CPU
		{BAD18A6A-B114-4794-86BD-9D7B8A06464B}.Ad-Hoc|x86.Build.0 = Release|Any CPU
		{BAD18A6A-B114-4794-86BD-9D7B8A06464B}.AppStore|Any CPU.ActiveCfg = Release|Any CPU
		{BAD18A6A-B114-4794-86BD-9D7B8A06464B}.AppStore|Any CPU.Build.0 = Release|Any CPU
		{BAD18A6A-B114-4794-86BD-9D7B8A06464B}.AppStore|ARM.ActiveCfg = Release|Any CPU
		{BAD18A6A-B114-4794-86BD-9D7B8A06464B}.AppStore|ARM.Build.0 = Release|Any CPU
		{BAD18A6A-B114-4794-86BD-9D7B8A06464B}.AppStore|iPhone.ActiveCfg = Release|Any CPU
		{BAD18A6A-B114-4794-86BD-9D7B8A06464B}.AppStore|iPhone.Build.0 = Release|Any CPU
		{BAD18A6A-B114-4794-86BD-9D7B8A06464B}.AppStore|iPhoneSimulator.ActiveCfg = Release|Any CPU
		{BAD18A6A-B114-4794-86BD-9D7B8A06464B}.AppStore|iPhoneSimulator.Build.0 = Release|Any CPU
		{BAD18A6A-B114-4794-86BD-9D7B8A06464B}.AppStore|x64.ActiveCfg = Release|Any CPU
		{BAD18A6A-B114-4794-86BD-9D7B8A06464B}.AppStore|x64.Build.0 = Release|Any CPU
		{BAD18A6A-B114-4794-86BD-9D7B8A06464B}.AppStore|x86.ActiveCfg = Release|Any CPU
		{BAD18A6A-B114-4794-86BD-9D7B8A06464B}.AppStore|x86.Build.0 = Release|Any CPU
		{BAD18A6A-B114-4794-86BD-9D7B8A06464B}.Debug|Any CPU.ActiveCfg = Debug|Any CPU
		{BAD18A6A-B114-4794-86BD-9D7B8A06464B}.Debug|Any CPU.Build.0 = Debug|Any CPU
		{BAD18A6A-B114-4794-86BD-9D7B8A06464B}.Debug|ARM.ActiveCfg = Debug|Any CPU
		{BAD18A6A-B114-4794-86BD-9D7B8A06464B}.Debug|ARM.Build.0 = Debug|Any CPU
		{BAD18A6A-B114-4794-86BD-9D7B8A06464B}.Debug|iPhone.ActiveCfg = Debug|Any CPU
		{BAD18A6A-B114-4794-86BD-9D7B8A06464B}.Debug|iPhone.Build.0 = Debug|Any CPU
		{BAD18A6A-B114-4794-86BD-9D7B8A06464B}.Debug|iPhoneSimulator.ActiveCfg = Debug|Any CPU
		{BAD18A6A-B114-4794-86BD-9D7B8A06464B}.Debug|iPhoneSimulator.Build.0 = Debug|Any CPU
		{BAD18A6A-B114-4794-86BD-9D7B8A06464B}.Debug|x64.ActiveCfg = Debug|Any CPU
		{BAD18A6A-B114-4794-86BD-9D7B8A06464B}.Debug|x64.Build.0 = Debug|Any CPU
		{BAD18A6A-B114-4794-86BD-9D7B8A06464B}.Debug|x86.ActiveCfg = Debug|Any CPU
		{BAD18A6A-B114-4794-86BD-9D7B8A06464B}.Debug|x86.Build.0 = Debug|Any CPU
		{BAD18A6A-B114-4794-86BD-9D7B8A06464B}.Release|Any CPU.ActiveCfg = Release|Any CPU
		{BAD18A6A-B114-4794-86BD-9D7B8A06464B}.Release|Any CPU.Build.0 = Release|Any CPU
		{BAD18A6A-B114-4794-86BD-9D7B8A06464B}.Release|ARM.ActiveCfg = Release|Any CPU
		{BAD18A6A-B114-4794-86BD-9D7B8A06464B}.Release|ARM.Build.0 = Release|Any CPU
		{BAD18A6A-B114-4794-86BD-9D7B8A06464B}.Release|iPhone.ActiveCfg = Release|Any CPU
		{BAD18A6A-B114-4794-86BD-9D7B8A06464B}.Release|iPhone.Build.0 = Release|Any CPU
		{BAD18A6A-B114-4794-86BD-9D7B8A06464B}.Release|iPhoneSimulator.ActiveCfg = Release|Any CPU
		{BAD18A6A-B114-4794-86BD-9D7B8A06464B}.Release|iPhoneSimulator.Build.0 = Release|Any CPU
		{BAD18A6A-B114-4794-86BD-9D7B8A06464B}.Release|x64.ActiveCfg = Release|Any CPU
		{BAD18A6A-B114-4794-86BD-9D7B8A06464B}.Release|x64.Build.0 = Release|Any CPU
		{BAD18A6A-B114-4794-86BD-9D7B8A06464B}.Release|x86.ActiveCfg = Release|Any CPU
		{BAD18A6A-B114-4794-86BD-9D7B8A06464B}.Release|x86.Build.0 = Release|Any CPU
		{B7ADBEB4-B909-4085-A0ED-F5C47D703A79}.Ad-Hoc|Any CPU.ActiveCfg = Release|Any CPU
		{B7ADBEB4-B909-4085-A0ED-F5C47D703A79}.Ad-Hoc|Any CPU.Build.0 = Release|Any CPU
		{B7ADBEB4-B909-4085-A0ED-F5C47D703A79}.Ad-Hoc|ARM.ActiveCfg = Release|Any CPU
		{B7ADBEB4-B909-4085-A0ED-F5C47D703A79}.Ad-Hoc|ARM.Build.0 = Release|Any CPU
		{B7ADBEB4-B909-4085-A0ED-F5C47D703A79}.Ad-Hoc|iPhone.ActiveCfg = Release|Any CPU
		{B7ADBEB4-B909-4085-A0ED-F5C47D703A79}.Ad-Hoc|iPhone.Build.0 = Release|Any CPU
		{B7ADBEB4-B909-4085-A0ED-F5C47D703A79}.Ad-Hoc|iPhoneSimulator.ActiveCfg = Release|Any CPU
		{B7ADBEB4-B909-4085-A0ED-F5C47D703A79}.Ad-Hoc|iPhoneSimulator.Build.0 = Release|Any CPU
		{B7ADBEB4-B909-4085-A0ED-F5C47D703A79}.Ad-Hoc|x64.ActiveCfg = Release|Any CPU
		{B7ADBEB4-B909-4085-A0ED-F5C47D703A79}.Ad-Hoc|x64.Build.0 = Release|Any CPU
		{B7ADBEB4-B909-4085-A0ED-F5C47D703A79}.Ad-Hoc|x86.ActiveCfg = Release|Any CPU
		{B7ADBEB4-B909-4085-A0ED-F5C47D703A79}.Ad-Hoc|x86.Build.0 = Release|Any CPU
		{B7ADBEB4-B909-4085-A0ED-F5C47D703A79}.AppStore|Any CPU.ActiveCfg = Release|Any CPU
		{B7ADBEB4-B909-4085-A0ED-F5C47D703A79}.AppStore|Any CPU.Build.0 = Release|Any CPU
		{B7ADBEB4-B909-4085-A0ED-F5C47D703A79}.AppStore|ARM.ActiveCfg = Release|Any CPU
		{B7ADBEB4-B909-4085-A0ED-F5C47D703A79}.AppStore|ARM.Build.0 = Release|Any CPU
		{B7ADBEB4-B909-4085-A0ED-F5C47D703A79}.AppStore|iPhone.ActiveCfg = Release|Any CPU
		{B7ADBEB4-B909-4085-A0ED-F5C47D703A79}.AppStore|iPhone.Build.0 = Release|Any CPU
		{B7ADBEB4-B909-4085-A0ED-F5C47D703A79}.AppStore|iPhoneSimulator.ActiveCfg = Release|Any CPU
		{B7ADBEB4-B909-4085-A0ED-F5C47D703A79}.AppStore|iPhoneSimulator.Build.0 = Release|Any CPU
		{B7ADBEB4-B909-4085-A0ED-F5C47D703A79}.AppStore|x64.ActiveCfg = Release|Any CPU
		{B7ADBEB4-B909-4085-A0ED-F5C47D703A79}.AppStore|x64.Build.0 = Release|Any CPU
		{B7ADBEB4-B909-4085-A0ED-F5C47D703A79}.AppStore|x86.ActiveCfg = Release|Any CPU
		{B7ADBEB4-B909-4085-A0ED-F5C47D703A79}.AppStore|x86.Build.0 = Release|Any CPU
		{B7ADBEB4-B909-4085-A0ED-F5C47D703A79}.Debug|Any CPU.ActiveCfg = Debug|Any CPU
		{B7ADBEB4-B909-4085-A0ED-F5C47D703A79}.Debug|Any CPU.Build.0 = Debug|Any CPU
		{B7ADBEB4-B909-4085-A0ED-F5C47D703A79}.Debug|ARM.ActiveCfg = Debug|Any CPU
		{B7ADBEB4-B909-4085-A0ED-F5C47D703A79}.Debug|ARM.Build.0 = Debug|Any CPU
		{B7ADBEB4-B909-4085-A0ED-F5C47D703A79}.Debug|iPhone.ActiveCfg = Debug|Any CPU
		{B7ADBEB4-B909-4085-A0ED-F5C47D703A79}.Debug|iPhone.Build.0 = Debug|Any CPU
		{B7ADBEB4-B909-4085-A0ED-F5C47D703A79}.Debug|iPhoneSimulator.ActiveCfg = Debug|Any CPU
		{B7ADBEB4-B909-4085-A0ED-F5C47D703A79}.Debug|iPhoneSimulator.Build.0 = Debug|Any CPU
		{B7ADBEB4-B909-4085-A0ED-F5C47D703A79}.Debug|x64.ActiveCfg = Debug|Any CPU
		{B7ADBEB4-B909-4085-A0ED-F5C47D703A79}.Debug|x64.Build.0 = Debug|Any CPU
		{B7ADBEB4-B909-4085-A0ED-F5C47D703A79}.Debug|x86.ActiveCfg = Debug|Any CPU
		{B7ADBEB4-B909-4085-A0ED-F5C47D703A79}.Debug|x86.Build.0 = Debug|Any CPU
		{B7ADBEB4-B909-4085-A0ED-F5C47D703A79}.Release|Any CPU.ActiveCfg = Release|Any CPU
		{B7ADBEB4-B909-4085-A0ED-F5C47D703A79}.Release|Any CPU.Build.0 = Release|Any CPU
		{B7ADBEB4-B909-4085-A0ED-F5C47D703A79}.Release|ARM.ActiveCfg = Release|Any CPU
		{B7ADBEB4-B909-4085-A0ED-F5C47D703A79}.Release|ARM.Build.0 = Release|Any CPU
		{B7ADBEB4-B909-4085-A0ED-F5C47D703A79}.Release|iPhone.ActiveCfg = Release|Any CPU
		{B7ADBEB4-B909-4085-A0ED-F5C47D703A79}.Release|iPhone.Build.0 = Release|Any CPU
		{B7ADBEB4-B909-4085-A0ED-F5C47D703A79}.Release|iPhoneSimulator.ActiveCfg = Release|Any CPU
		{B7ADBEB4-B909-4085-A0ED-F5C47D703A79}.Release|iPhoneSimulator.Build.0 = Release|Any CPU
		{B7ADBEB4-B909-4085-A0ED-F5C47D703A79}.Release|x64.ActiveCfg = Release|Any CPU
		{B7ADBEB4-B909-4085-A0ED-F5C47D703A79}.Release|x64.Build.0 = Release|Any CPU
		{B7ADBEB4-B909-4085-A0ED-F5C47D703A79}.Release|x86.ActiveCfg = Release|Any CPU
		{B7ADBEB4-B909-4085-A0ED-F5C47D703A79}.Release|x86.Build.0 = Release|Any CPU
		{99C82E69-FD8D-4172-8E90-0E0F3021FCB4}.Ad-Hoc|Any CPU.ActiveCfg = Release|Any CPU
		{99C82E69-FD8D-4172-8E90-0E0F3021FCB4}.Ad-Hoc|Any CPU.Build.0 = Release|Any CPU
		{99C82E69-FD8D-4172-8E90-0E0F3021FCB4}.Ad-Hoc|ARM.ActiveCfg = Release|Any CPU
		{99C82E69-FD8D-4172-8E90-0E0F3021FCB4}.Ad-Hoc|ARM.Build.0 = Release|Any CPU
		{99C82E69-FD8D-4172-8E90-0E0F3021FCB4}.Ad-Hoc|iPhone.ActiveCfg = Release|Any CPU
		{99C82E69-FD8D-4172-8E90-0E0F3021FCB4}.Ad-Hoc|iPhone.Build.0 = Release|Any CPU
		{99C82E69-FD8D-4172-8E90-0E0F3021FCB4}.Ad-Hoc|iPhoneSimulator.ActiveCfg = Release|Any CPU
		{99C82E69-FD8D-4172-8E90-0E0F3021FCB4}.Ad-Hoc|iPhoneSimulator.Build.0 = Release|Any CPU
		{99C82E69-FD8D-4172-8E90-0E0F3021FCB4}.Ad-Hoc|x64.ActiveCfg = Release|Any CPU
		{99C82E69-FD8D-4172-8E90-0E0F3021FCB4}.Ad-Hoc|x64.Build.0 = Release|Any CPU
		{99C82E69-FD8D-4172-8E90-0E0F3021FCB4}.Ad-Hoc|x86.ActiveCfg = Release|Any CPU
		{99C82E69-FD8D-4172-8E90-0E0F3021FCB4}.Ad-Hoc|x86.Build.0 = Release|Any CPU
		{99C82E69-FD8D-4172-8E90-0E0F3021FCB4}.AppStore|Any CPU.ActiveCfg = Release|Any CPU
		{99C82E69-FD8D-4172-8E90-0E0F3021FCB4}.AppStore|Any CPU.Build.0 = Release|Any CPU
		{99C82E69-FD8D-4172-8E90-0E0F3021FCB4}.AppStore|ARM.ActiveCfg = Release|Any CPU
		{99C82E69-FD8D-4172-8E90-0E0F3021FCB4}.AppStore|ARM.Build.0 = Release|Any CPU
		{99C82E69-FD8D-4172-8E90-0E0F3021FCB4}.AppStore|iPhone.ActiveCfg = Release|Any CPU
		{99C82E69-FD8D-4172-8E90-0E0F3021FCB4}.AppStore|iPhone.Build.0 = Release|Any CPU
		{99C82E69-FD8D-4172-8E90-0E0F3021FCB4}.AppStore|iPhoneSimulator.ActiveCfg = Release|Any CPU
		{99C82E69-FD8D-4172-8E90-0E0F3021FCB4}.AppStore|iPhoneSimulator.Build.0 = Release|Any CPU
		{99C82E69-FD8D-4172-8E90-0E0F3021FCB4}.AppStore|x64.ActiveCfg = Release|Any CPU
		{99C82E69-FD8D-4172-8E90-0E0F3021FCB4}.AppStore|x64.Build.0 = Release|Any CPU
		{99C82E69-FD8D-4172-8E90-0E0F3021FCB4}.AppStore|x86.ActiveCfg = Release|Any CPU
		{99C82E69-FD8D-4172-8E90-0E0F3021FCB4}.AppStore|x86.Build.0 = Release|Any CPU
		{99C82E69-FD8D-4172-8E90-0E0F3021FCB4}.Debug|Any CPU.ActiveCfg = Debug|Any CPU
		{99C82E69-FD8D-4172-8E90-0E0F3021FCB4}.Debug|Any CPU.Build.0 = Debug|Any CPU
		{99C82E69-FD8D-4172-8E90-0E0F3021FCB4}.Debug|ARM.ActiveCfg = Debug|Any CPU
		{99C82E69-FD8D-4172-8E90-0E0F3021FCB4}.Debug|ARM.Build.0 = Debug|Any CPU
		{99C82E69-FD8D-4172-8E90-0E0F3021FCB4}.Debug|iPhone.ActiveCfg = Debug|Any CPU
		{99C82E69-FD8D-4172-8E90-0E0F3021FCB4}.Debug|iPhone.Build.0 = Debug|Any CPU
		{99C82E69-FD8D-4172-8E90-0E0F3021FCB4}.Debug|iPhoneSimulator.ActiveCfg = Debug|Any CPU
		{99C82E69-FD8D-4172-8E90-0E0F3021FCB4}.Debug|iPhoneSimulator.Build.0 = Debug|Any CPU
		{99C82E69-FD8D-4172-8E90-0E0F3021FCB4}.Debug|x64.ActiveCfg = Debug|Any CPU
		{99C82E69-FD8D-4172-8E90-0E0F3021FCB4}.Debug|x64.Build.0 = Debug|Any CPU
		{99C82E69-FD8D-4172-8E90-0E0F3021FCB4}.Debug|x86.ActiveCfg = Debug|Any CPU
		{99C82E69-FD8D-4172-8E90-0E0F3021FCB4}.Debug|x86.Build.0 = Debug|Any CPU
		{99C82E69-FD8D-4172-8E90-0E0F3021FCB4}.Release|Any CPU.ActiveCfg = Release|Any CPU
		{99C82E69-FD8D-4172-8E90-0E0F3021FCB4}.Release|Any CPU.Build.0 = Release|Any CPU
		{99C82E69-FD8D-4172-8E90-0E0F3021FCB4}.Release|ARM.ActiveCfg = Release|Any CPU
		{99C82E69-FD8D-4172-8E90-0E0F3021FCB4}.Release|ARM.Build.0 = Release|Any CPU
		{99C82E69-FD8D-4172-8E90-0E0F3021FCB4}.Release|iPhone.ActiveCfg = Release|Any CPU
		{99C82E69-FD8D-4172-8E90-0E0F3021FCB4}.Release|iPhone.Build.0 = Release|Any CPU
		{99C82E69-FD8D-4172-8E90-0E0F3021FCB4}.Release|iPhoneSimulator.ActiveCfg = Release|Any CPU
		{99C82E69-FD8D-4172-8E90-0E0F3021FCB4}.Release|iPhoneSimulator.Build.0 = Release|Any CPU
		{99C82E69-FD8D-4172-8E90-0E0F3021FCB4}.Release|x64.ActiveCfg = Release|Any CPU
		{99C82E69-FD8D-4172-8E90-0E0F3021FCB4}.Release|x64.Build.0 = Release|Any CPU
		{99C82E69-FD8D-4172-8E90-0E0F3021FCB4}.Release|x86.ActiveCfg = Release|Any CPU
		{99C82E69-FD8D-4172-8E90-0E0F3021FCB4}.Release|x86.Build.0 = Release|Any CPU
		{0BBF6D2C-546E-49AA-8D7D-B6A7C1DE2EE9}.Ad-Hoc|Any CPU.ActiveCfg = Release|Any CPU
		{0BBF6D2C-546E-49AA-8D7D-B6A7C1DE2EE9}.Ad-Hoc|Any CPU.Build.0 = Release|Any CPU
		{0BBF6D2C-546E-49AA-8D7D-B6A7C1DE2EE9}.Ad-Hoc|ARM.ActiveCfg = Release|Any CPU
		{0BBF6D2C-546E-49AA-8D7D-B6A7C1DE2EE9}.Ad-Hoc|ARM.Build.0 = Release|Any CPU
		{0BBF6D2C-546E-49AA-8D7D-B6A7C1DE2EE9}.Ad-Hoc|iPhone.ActiveCfg = Release|Any CPU
		{0BBF6D2C-546E-49AA-8D7D-B6A7C1DE2EE9}.Ad-Hoc|iPhone.Build.0 = Release|Any CPU
		{0BBF6D2C-546E-49AA-8D7D-B6A7C1DE2EE9}.Ad-Hoc|iPhoneSimulator.ActiveCfg = Release|Any CPU
		{0BBF6D2C-546E-49AA-8D7D-B6A7C1DE2EE9}.Ad-Hoc|iPhoneSimulator.Build.0 = Release|Any CPU
		{0BBF6D2C-546E-49AA-8D7D-B6A7C1DE2EE9}.Ad-Hoc|x64.ActiveCfg = Release|Any CPU
		{0BBF6D2C-546E-49AA-8D7D-B6A7C1DE2EE9}.Ad-Hoc|x64.Build.0 = Release|Any CPU
		{0BBF6D2C-546E-49AA-8D7D-B6A7C1DE2EE9}.Ad-Hoc|x86.ActiveCfg = Release|Any CPU
		{0BBF6D2C-546E-49AA-8D7D-B6A7C1DE2EE9}.Ad-Hoc|x86.Build.0 = Release|Any CPU
		{0BBF6D2C-546E-49AA-8D7D-B6A7C1DE2EE9}.AppStore|Any CPU.ActiveCfg = Release|Any CPU
		{0BBF6D2C-546E-49AA-8D7D-B6A7C1DE2EE9}.AppStore|Any CPU.Build.0 = Release|Any CPU
		{0BBF6D2C-546E-49AA-8D7D-B6A7C1DE2EE9}.AppStore|ARM.ActiveCfg = Release|Any CPU
		{0BBF6D2C-546E-49AA-8D7D-B6A7C1DE2EE9}.AppStore|ARM.Build.0 = Release|Any CPU
		{0BBF6D2C-546E-49AA-8D7D-B6A7C1DE2EE9}.AppStore|iPhone.ActiveCfg = Release|Any CPU
		{0BBF6D2C-546E-49AA-8D7D-B6A7C1DE2EE9}.AppStore|iPhone.Build.0 = Release|Any CPU
		{0BBF6D2C-546E-49AA-8D7D-B6A7C1DE2EE9}.AppStore|iPhoneSimulator.ActiveCfg = Release|Any CPU
		{0BBF6D2C-546E-49AA-8D7D-B6A7C1DE2EE9}.AppStore|iPhoneSimulator.Build.0 = Release|Any CPU
		{0BBF6D2C-546E-49AA-8D7D-B6A7C1DE2EE9}.AppStore|x64.ActiveCfg = Release|Any CPU
		{0BBF6D2C-546E-49AA-8D7D-B6A7C1DE2EE9}.AppStore|x64.Build.0 = Release|Any CPU
		{0BBF6D2C-546E-49AA-8D7D-B6A7C1DE2EE9}.AppStore|x86.ActiveCfg = Release|Any CPU
		{0BBF6D2C-546E-49AA-8D7D-B6A7C1DE2EE9}.AppStore|x86.Build.0 = Release|Any CPU
		{0BBF6D2C-546E-49AA-8D7D-B6A7C1DE2EE9}.Debug|Any CPU.ActiveCfg = Debug|Any CPU
		{0BBF6D2C-546E-49AA-8D7D-B6A7C1DE2EE9}.Debug|Any CPU.Build.0 = Debug|Any CPU
		{0BBF6D2C-546E-49AA-8D7D-B6A7C1DE2EE9}.Debug|ARM.ActiveCfg = Debug|Any CPU
		{0BBF6D2C-546E-49AA-8D7D-B6A7C1DE2EE9}.Debug|ARM.Build.0 = Debug|Any CPU
		{0BBF6D2C-546E-49AA-8D7D-B6A7C1DE2EE9}.Debug|iPhone.ActiveCfg = Debug|Any CPU
		{0BBF6D2C-546E-49AA-8D7D-B6A7C1DE2EE9}.Debug|iPhone.Build.0 = Debug|Any CPU
		{0BBF6D2C-546E-49AA-8D7D-B6A7C1DE2EE9}.Debug|iPhoneSimulator.ActiveCfg = Debug|Any CPU
		{0BBF6D2C-546E-49AA-8D7D-B6A7C1DE2EE9}.Debug|iPhoneSimulator.Build.0 = Debug|Any CPU
		{0BBF6D2C-546E-49AA-8D7D-B6A7C1DE2EE9}.Debug|x64.ActiveCfg = Debug|Any CPU
		{0BBF6D2C-546E-49AA-8D7D-B6A7C1DE2EE9}.Debug|x64.Build.0 = Debug|Any CPU
		{0BBF6D2C-546E-49AA-8D7D-B6A7C1DE2EE9}.Debug|x86.ActiveCfg = Debug|Any CPU
		{0BBF6D2C-546E-49AA-8D7D-B6A7C1DE2EE9}.Debug|x86.Build.0 = Debug|Any CPU
		{0BBF6D2C-546E-49AA-8D7D-B6A7C1DE2EE9}.Release|Any CPU.ActiveCfg = Release|Any CPU
		{0BBF6D2C-546E-49AA-8D7D-B6A7C1DE2EE9}.Release|Any CPU.Build.0 = Release|Any CPU
		{0BBF6D2C-546E-49AA-8D7D-B6A7C1DE2EE9}.Release|ARM.ActiveCfg = Release|Any CPU
		{0BBF6D2C-546E-49AA-8D7D-B6A7C1DE2EE9}.Release|ARM.Build.0 = Release|Any CPU
		{0BBF6D2C-546E-49AA-8D7D-B6A7C1DE2EE9}.Release|iPhone.ActiveCfg = Release|Any CPU
		{0BBF6D2C-546E-49AA-8D7D-B6A7C1DE2EE9}.Release|iPhone.Build.0 = Release|Any CPU
		{0BBF6D2C-546E-49AA-8D7D-B6A7C1DE2EE9}.Release|iPhoneSimulator.ActiveCfg = Release|Any CPU
		{0BBF6D2C-546E-49AA-8D7D-B6A7C1DE2EE9}.Release|iPhoneSimulator.Build.0 = Release|Any CPU
		{0BBF6D2C-546E-49AA-8D7D-B6A7C1DE2EE9}.Release|x64.ActiveCfg = Release|Any CPU
		{0BBF6D2C-546E-49AA-8D7D-B6A7C1DE2EE9}.Release|x64.Build.0 = Release|Any CPU
		{0BBF6D2C-546E-49AA-8D7D-B6A7C1DE2EE9}.Release|x86.ActiveCfg = Release|Any CPU
		{0BBF6D2C-546E-49AA-8D7D-B6A7C1DE2EE9}.Release|x86.Build.0 = Release|Any CPU
	EndGlobalSection
	GlobalSection(SolutionProperties) = preSolution
		HideSolutionNode = FALSE
	EndGlobalSection
	GlobalSection(ExtensibilityGlobals) = postSolution
		SolutionGuid = {C4E97D93-16C6-4B26-9111-DD76E9C2190E}
	EndGlobalSection
EndGlobal
